// !$*UTF8*$!
{
	archiveVersion = 1;
	classes = {
	};
	objectVersion = 77;
	objects = {

/* Begin PBXContainerItemProxy section */
		AD466C3E2DA8297700E33728 /* PBXContainerItemProxy */ = {
			isa = PBXContainerItemProxy;
			containerPortal = AD466C232DA8297300E33728 /* Project object */;
			proxyType = 1;
			remoteGlobalIDString = AD466C2A2DA8297300E33728;
			remoteInfo = ARHologramCalibration;
		};
		AD466C482DA8297700E33728 /* PBXContainerItemProxy */ = {
			isa = PBXContainerItemProxy;
			containerPortal = AD466C232DA8297300E33728 /* Project object */;
			proxyType = 1;
			remoteGlobalIDString = AD466C2A2DA8297300E33728;
			remoteInfo = ARHologramCalibration;
		};
/* End PBXContainerItemProxy section */

/* Begin PBXFileReference section */
		AD466C2B2DA8297300E33728 /* ARHologramCalibration.app */ = {isa = PBXFileReference; explicitFileType = wrapper.application; includeInIndex = 0; path = ARHologramCalibration.app; sourceTree = BUILT_PRODUCTS_DIR; };
		AD466C3D2DA8297700E33728 /* ARHologramCalibrationTests.xctest */ = {isa = PBXFileReference; explicitFileType = wrapper.cfbundle; includeInIndex = 0; path = ARHologramCalibrationTests.xctest; sourceTree = BUILT_PRODUCTS_DIR; };
		AD466C472DA8297700E33728 /* ARHologramCalibrationUITests.xctest */ = {isa = PBXFileReference; explicitFileType = wrapper.cfbundle; includeInIndex = 0; path = ARHologramCalibrationUITests.xctest; sourceTree = BUILT_PRODUCTS_DIR; };
/* End PBXFileReference section */

/* Begin PBXFileSystemSynchronizedRootGroup section */
		AD466C2D2DA8297300E33728 /* ARHologramCalibration */ = {
			isa = PBXFileSystemSynchronizedRootGroup;
			path = ARHologramCalibration;
			sourceTree = "<group>";
		};
		AD466C402DA8297700E33728 /* ARHologramCalibrationTests */ = {
			isa = PBXFileSystemSynchronizedRootGroup;
			path = ARHologramCalibrationTests;
			sourceTree = "<group>";
		};
		AD466C4A2DA8297700E33728 /* ARHologramCalibrationUITests */ = {
			isa = PBXFileSystemSynchronizedRootGroup;
			path = ARHologramCalibrationUITests;
			sourceTree = "<group>";
		};
/* End PBXFileSystemSynchronizedRootGroup section */

/* Begin PBXFrameworksBuildPhase section */
		AD466C282DA8297300E33728 /* Frameworks */ = {
			isa = PBXFrameworksBuildPhase;
			buildActionMask = 2147483647;
			files = (
			);
			runOnlyForDeploymentPostprocessing = 0;
		};
		AD466C3A2DA8297700E33728 /* Frameworks */ = {
			isa = PBXFrameworksBuildPhase;
			buildActionMask = 2147483647;
			files = (
			);
			runOnlyForDeploymentPostprocessing = 0;
		};
		AD466C442DA8297700E33728 /* Frameworks */ = {
			isa = PBXFrameworksBuildPhase;
			buildActionMask = 2147483647;
			files = (
			);
			runOnlyForDeploymentPostprocessing = 0;
		};
/* End PBXFrameworksBuildPhase section */

/* Begin PBXGroup section */
		AD466C222DA8297300E33728 = {
			isa = PBXGroup;
			children = (
				AD466C2D2DA8297300E33728 /* ARHologramCalibration */,
				AD466C402DA8297700E33728 /* ARHologramCalibrationTests */,
				AD466C4A2DA8297700E33728 /* ARHologramCalibrationUITests */,
				AD466C2C2DA8297300E33728 /* Products */,
			);
			sourceTree = "<group>";
		};
		AD466C2C2DA8297300E33728 /* Products */ = {
			isa = PBXGroup;
			children = (
				AD466C2B2DA8297300E33728 /* ARHologramCalibration.app */,
				AD466C3D2DA8297700E33728 /* ARHologramCalibrationTests.xctest */,
				AD466C472DA8297700E33728 /* ARHologramCalibrationUITests.xctest */,
			);
			name = Products;
			sourceTree = "<group>";
		};
/* End PBXGroup section */

/* Begin PBXNativeTarget section */
		AD466C2A2DA8297300E33728 /* ARHologramCalibration */ = {
			isa = PBXNativeTarget;
			buildConfigurationList = AD466C512DA8297700E33728 /* Build configuration list for PBXNativeTarget "ARHologramCalibration" */;
			buildPhases = (
				AD466C272DA8297300E33728 /* Sources */,
				AD466C282DA8297300E33728 /* Frameworks */,
				AD466C292DA8297300E33728 /* Resources */,
			);
			buildRules = (
			);
			dependencies = (
			);
			fileSystemSynchronizedGroups = (
				AD466C2D2DA8297300E33728 /* ARHologramCalibration */,
			);
			name = ARHologramCalibration;
			packageProductDependencies = (
			);
			productName = ARHologramCalibration;
			productReference = AD466C2B2DA8297300E33728 /* ARHologramCalibration.app */;
			productType = "com.apple.product-type.application";
		};
		AD466C3C2DA8297700E33728 /* ARHologramCalibrationTests */ = {
			isa = PBXNativeTarget;
			buildConfigurationList = AD466C542DA8297700E33728 /* Build configuration list for PBXNativeTarget "ARHologramCalibrationTests" */;
			buildPhases = (
				AD466C392DA8297700E33728 /* Sources */,
				AD466C3A2DA8297700E33728 /* Frameworks */,
				AD466C3B2DA8297700E33728 /* Resources */,
			);
			buildRules = (
			);
			dependencies = (
				AD466C3F2DA8297700E33728 /* PBXTargetDependency */,
			);
			fileSystemSynchronizedGroups = (
				AD466C402DA8297700E33728 /* ARHologramCalibrationTests */,
			);
			name = ARHologramCalibrationTests;
			packageProductDependencies = (
			);
			productName = ARHologramCalibrationTests;
			productReference = AD466C3D2DA8297700E33728 /* ARHologramCalibrationTests.xctest */;
			productType = "com.apple.product-type.bundle.unit-test";
		};
		AD466C462DA8297700E33728 /* ARHologramCalibrationUITests */ = {
			isa = PBXNativeTarget;
			buildConfigurationList = AD466C572DA8297700E33728 /* Build configuration list for PBXNativeTarget "ARHologramCalibrationUITests" */;
			buildPhases = (
				AD466C432DA8297700E33728 /* Sources */,
				AD466C442DA8297700E33728 /* Frameworks */,
				AD466C452DA8297700E33728 /* Resources */,
			);
			buildRules = (
			);
			dependencies = (
				AD466C492DA8297700E33728 /* PBXTargetDependency */,
			);
			fileSystemSynchronizedGroups = (
				AD466C4A2DA8297700E33728 /* ARHologramCalibrationUITests */,
			);
			name = ARHologramCalibrationUITests;
			packageProductDependencies = (
			);
			productName = ARHologramCalibrationUITests;
			productReference = AD466C472DA8297700E33728 /* ARHologramCalibrationUITests.xctest */;
			productType = "com.apple.product-type.bundle.ui-testing";
		};
/* End PBXNativeTarget section */

/* Begin PBXProject section */
		AD466C232DA8297300E33728 /* Project object */ = {
			isa = PBXProject;
			attributes = {
				BuildIndependentTargetsInParallel = 1;
				LastSwiftUpdateCheck = 1620;
				LastUpgradeCheck = 1620;
				TargetAttributes = {
					AD466C2A2DA8297300E33728 = {
						CreatedOnToolsVersion = 16.2;
					};
					AD466C3C2DA8297700E33728 = {
						CreatedOnToolsVersion = 16.2;
						TestTargetID = AD466C2A2DA8297300E33728;
					};
					AD466C462DA8297700E33728 = {
						CreatedOnToolsVersion = 16.2;
						TestTargetID = AD466C2A2DA8297300E33728;
					};
				};
			};
			buildConfigurationList = AD466C262DA8297300E33728 /* Build configuration list for PBXProject "ARHologramCalibration" */;
			developmentRegion = en;
			hasScannedForEncodings = 0;
			knownRegions = (
				en,
				Base,
			);
			mainGroup = AD466C222DA8297300E33728;
			minimizedProjectReferenceProxies = 1;
			preferredProjectObjectVersion = 77;
			productRefGroup = AD466C2C2DA8297300E33728 /* Products */;
			projectDirPath = "";
			projectRoot = "";
			targets = (
				AD466C2A2DA8297300E33728 /* ARHologramCalibration */,
				AD466C3C2DA8297700E33728 /* ARHologramCalibrationTests */,
				AD466C462DA8297700E33728 /* ARHologramCalibrationUITests */,
			);
		};
/* End PBXProject section */

/* Begin PBXResourcesBuildPhase section */
		AD466C292DA8297300E33728 /* Resources */ = {
			isa = PBXResourcesBuildPhase;
			buildActionMask = 2147483647;
			files = (
			);
			runOnlyForDeploymentPostprocessing = 0;
		};
		AD466C3B2DA8297700E33728 /* Resources */ = {
			isa = PBXResourcesBuildPhase;
			buildActionMask = 2147483647;
			files = (
			);
			runOnlyForDeploymentPostprocessing = 0;
		};
		AD466C452DA8297700E33728 /* Resources */ = {
			isa = PBXResourcesBuildPhase;
			buildActionMask = 2147483647;
			files = (
			);
			runOnlyForDeploymentPostprocessing = 0;
		};
/* End PBXResourcesBuildPhase section */

/* Begin PBXSourcesBuildPhase section */
		AD466C272DA8297300E33728 /* Sources */ = {
			isa = PBXSourcesBuildPhase;
			buildActionMask = 2147483647;
			files = (
			);
			runOnlyForDeploymentPostprocessing = 0;
		};
		AD466C392DA8297700E33728 /* Sources */ = {
			isa = PBXSourcesBuildPhase;
			buildActionMask = 2147483647;
			files = (
			);
			runOnlyForDeploymentPostprocessing = 0;
		};
		AD466C432DA8297700E33728 /* Sources */ = {
			isa = PBXSourcesBuildPhase;
			buildActionMask = 2147483647;
			files = (
			);
			runOnlyForDeploymentPostprocessing = 0;
		};
/* End PBXSourcesBuildPhase section */

/* Begin PBXTargetDependency section */
		AD466C3F2DA8297700E33728 /* PBXTargetDependency */ = {
			isa = PBXTargetDependency;
			target = AD466C2A2DA8297300E33728 /* ARHologramCalibration */;
			targetProxy = AD466C3E2DA8297700E33728 /* PBXContainerItemProxy */;
		};
		AD466C492DA8297700E33728 /* PBXTargetDependency */ = {
			isa = PBXTargetDependency;
			target = AD466C2A2DA8297300E33728 /* ARHologramCalibration */;
			targetProxy = AD466C482DA8297700E33728 /* PBXContainerItemProxy */;
		};
/* End PBXTargetDependency section */

/* Begin XCBuildConfiguration section */
		AD466C4F2DA8297700E33728 /* Debug */ = {
			isa = XCBuildConfiguration;
			buildSettings = {
				ALWAYS_SEARCH_USER_PATHS = NO;
				ASSETCATALOG_COMPILER_GENERATE_SWIFT_ASSET_SYMBOL_EXTENSIONS = YES;
				CLANG_ANALYZER_NONNULL = YES;
				CLANG_ANALYZER_NUMBER_OBJECT_CONVERSION = YES_AGGRESSIVE;
				CLANG_CXX_LANGUAGE_STANDARD = "gnu++20";
				CLANG_ENABLE_MODULES = YES;
				CLANG_ENABLE_OBJC_ARC = YES;
				CLANG_ENABLE_OBJC_WEAK = YES;
				CLANG_WARN_BLOCK_CAPTURE_AUTORELEASING = YES;
				CLANG_WARN_BOOL_CONVERSION = YES;
				CLANG_WARN_COMMA = YES;
				CLANG_WARN_CONSTANT_CONVERSION = YES;
				CLANG_WARN_DEPRECATED_OBJC_IMPLEMENTATIONS = YES;
				CLANG_WARN_DIRECT_OBJC_ISA_USAGE = YES_ERROR;
				CLANG_WARN_DOCUMENTATION_COMMENTS = YES;
				CLANG_WARN_EMPTY_BODY = YES;
				CLANG_WARN_ENUM_CONVERSION = YES;
				CLANG_WARN_INFINITE_RECURSION = YES;
				CLANG_WARN_INT_CONVERSION = YES;
				CLANG_WARN_NON_LITERAL_NULL_CONVERSION = YES;
				CLANG_WARN_OBJC_IMPLICIT_RETAIN_SELF = YES;
				CLANG_WARN_OBJC_LITERAL_CONVERSION = YES;
				CLANG_WARN_OBJC_ROOT_CLASS = YES_ERROR;
				CLANG_WARN_QUOTED_INCLUDE_IN_FRAMEWORK_HEADER = YES;
				CLANG_WARN_RANGE_LOOP_ANALYSIS = YES;
				CLANG_WARN_STRICT_PROTOTYPES = YES;
				CLANG_WARN_SUSPICIOUS_MOVE = YES;
				CLANG_WARN_UNGUARDED_AVAILABILITY = YES_AGGRESSIVE;
				CLANG_WARN_UNREACHABLE_CODE = YES;
				CLANG_WARN__DUPLICATE_METHOD_MATCH = YES;
				COPY_PHASE_STRIP = NO;
				DEBUG_INFORMATION_FORMAT = dwarf;
				ENABLE_STRICT_OBJC_MSGSEND = YES;
				ENABLE_TESTABILITY = YES;
				ENABLE_USER_SCRIPT_SANDBOXING = YES;
				GCC_C_LANGUAGE_STANDARD = gnu17;
				GCC_DYNAMIC_NO_PIC = NO;
				GCC_NO_COMMON_BLOCKS = YES;
				GCC_OPTIMIZATION_LEVEL = 0;
				GCC_PREPROCESSOR_DEFINITIONS = (
					"DEBUG=1",
					"$(inherited)",
				);
				GCC_WARN_64_TO_32_BIT_CONVERSION = YES;
				GCC_WARN_ABOUT_RETURN_TYPE = YES_ERROR;
				GCC_WARN_UNDECLARED_SELECTOR = YES;
				GCC_WARN_UNINITIALIZED_AUTOS = YES_AGGRESSIVE;
				GCC_WARN_UNUSED_FUNCTION = YES;
				GCC_WARN_UNUSED_VARIABLE = YES;
				IPHONEOS_DEPLOYMENT_TARGET = 18.2;
				LOCALIZATION_PREFERS_STRING_CATALOGS = YES;
				MTL_ENABLE_DEBUG_INFO = INCLUDE_SOURCE;
				MTL_FAST_MATH = YES;
				ONLY_ACTIVE_ARCH = YES;
				SDKROOT = iphoneos;
				SWIFT_ACTIVE_COMPILATION_CONDITIONS = "DEBUG $(inherited)";
				SWIFT_OPTIMIZATION_LEVEL = "-Onone";
			};
			name = Debug;
		};
		AD466C502DA8297700E33728 /* Release */ = {
			isa = XCBuildConfiguration;
			buildSettings = {
				ALWAYS_SEARCH_USER_PATHS = NO;
				ASSETCATALOG_COMPILER_GENERATE_SWIFT_ASSET_SYMBOL_EXTENSIONS = YES;
				CLANG_ANALYZER_NONNULL = YES;
				CLANG_ANALYZER_NUMBER_OBJECT_CONVERSION = YES_AGGRESSIVE;
				CLANG_CXX_LANGUAGE_STANDARD = "gnu++20";
				CLANG_ENABLE_MODULES = YES;
				CLANG_ENABLE_OBJC_ARC = YES;
				CLANG_ENABLE_OBJC_WEAK = YES;
				CLANG_WARN_BLOCK_CAPTURE_AUTORELEASING = YES;
				CLANG_WARN_BOOL_CONVERSION = YES;
				CLANG_WARN_COMMA = YES;
				CLANG_WARN_CONSTANT_CONVERSION = YES;
				CLANG_WARN_DEPRECATED_OBJC_IMPLEMENTATIONS = YES;
				CLANG_WARN_DIRECT_OBJC_ISA_USAGE = YES_ERROR;
				CLANG_WARN_DOCUMENTATION_COMMENTS = YES;
				CLANG_WARN_EMPTY_BODY = YES;
				CLANG_WARN_ENUM_CONVERSION = YES;
				CLANG_WARN_INFINITE_RECURSION = YES;
				CLANG_WARN_INT_CONVERSION = YES;
				CLANG_WARN_NON_LITERAL_NULL_CONVERSION = YES;
				CLANG_WARN_OBJC_IMPLICIT_RETAIN_SELF = YES;
				CLANG_WARN_OBJC_LITERAL_CONVERSION = YES;
				CLANG_WARN_OBJC_ROOT_CLASS = YES_ERROR;
				CLANG_WARN_QUOTED_INCLUDE_IN_FRAMEWORK_HEADER = YES;
				CLANG_WARN_RANGE_LOOP_ANALYSIS = YES;
				CLANG_WARN_STRICT_PROTOTYPES = YES;
				CLANG_WARN_SUSPICIOUS_MOVE = YES;
				CLANG_WARN_UNGUARDED_AVAILABILITY = YES_AGGRESSIVE;
				CLANG_WARN_UNREACHABLE_CODE = YES;
				CLANG_WARN__DUPLICATE_METHOD_MATCH = YES;
				COPY_PHASE_STRIP = NO;
				DEBUG_INFORMATION_FORMAT = "dwarf-with-dsym";
				ENABLE_NS_ASSERTIONS = NO;
				ENABLE_STRICT_OBJC_MSGSEND = YES;
				ENABLE_USER_SCRIPT_SANDBOXING = YES;
				GCC_C_LANGUAGE_STANDARD = gnu17;
				GCC_NO_COMMON_BLOCKS = YES;
				GCC_WARN_64_TO_32_BIT_CONVERSION = YES;
				GCC_WARN_ABOUT_RETURN_TYPE = YES_ERROR;
				GCC_WARN_UNDECLARED_SELECTOR = YES;
				GCC_WARN_UNINITIALIZED_AUTOS = YES_AGGRESSIVE;
				GCC_WARN_UNUSED_FUNCTION = YES;
				GCC_WARN_UNUSED_VARIABLE = YES;
				IPHONEOS_DEPLOYMENT_TARGET = 18.2;
				LOCALIZATION_PREFERS_STRING_CATALOGS = YES;
				MTL_ENABLE_DEBUG_INFO = NO;
				MTL_FAST_MATH = YES;
				SDKROOT = iphoneos;
				SWIFT_COMPILATION_MODE = wholemodule;
				VALIDATE_PRODUCT = YES;
			};
			name = Release;
		};
		AD466C522DA8297700E33728 /* Debug */ = {
			isa = XCBuildConfiguration;
			buildSettings = {
				ASSETCATALOG_COMPILER_APPICON_NAME = AppIcon;
				ASSETCATALOG_COMPILER_GLOBAL_ACCENT_COLOR_NAME = AccentColor;
				CODE_SIGN_STYLE = Automatic;
				CURRENT_PROJECT_VERSION = 1;
				DEVELOPMENT_TEAM = CDA686V7YG;
				GENERATE_INFOPLIST_FILE = YES;
				INFOPLIST_KEY_NSCameraUsageDescription = "";
				INFOPLIST_KEY_UIApplicationSupportsIndirectInputEvents = YES;
				INFOPLIST_KEY_UIMainStoryboardFile = Main;
				INFOPLIST_KEY_UIRequiredDeviceCapabilities = arkit;
				INFOPLIST_KEY_UIStatusBarHidden = YES;
				INFOPLIST_KEY_UISupportedInterfaceOrientations_iPad = "UIInterfaceOrientationPortrait UIInterfaceOrientationPortraitUpsideDown UIInterfaceOrientationLandscapeLeft UIInterfaceOrientationLandscapeRight";
				INFOPLIST_KEY_UISupportedInterfaceOrientations_iPhone = "UIInterfaceOrientationPortrait UIInterfaceOrientationLandscapeLeft UIInterfaceOrientationLandscapeRight";
				LD_RUNPATH_SEARCH_PATHS = (
					"$(inherited)",
					"@executable_path/Frameworks",
				);
				MARKETING_VERSION = 1.0;
				PRODUCT_BUNDLE_IDENTIFIER = adann.ARHologramCalibration;
				PRODUCT_NAME = "$(TARGET_NAME)";
				SWIFT_EMIT_LOC_STRINGS = YES;
				SWIFT_VERSION = 5.0;
				TARGETED_DEVICE_FAMILY = "1,2";
			};
			name = Debug;
		};
		AD466C532DA8297700E33728 /* Release */ = {
			isa = XCBuildConfiguration;
			buildSettings = {
				ASSETCATALOG_COMPILER_APPICON_NAME = AppIcon;
				ASSETCATALOG_COMPILER_GLOBAL_ACCENT_COLOR_NAME = AccentColor;
				CODE_SIGN_STYLE = Automatic;
				CURRENT_PROJECT_VERSION = 1;
				DEVELOPMENT_TEAM = CDA686V7YG;
				GENERATE_INFOPLIST_FILE = YES;
				INFOPLIST_KEY_NSCameraUsageDescription = "";
				INFOPLIST_KEY_UIApplicationSupportsIndirectInputEvents = YES;
				INFOPLIST_KEY_UIMainStoryboardFile = Main;
				INFOPLIST_KEY_UIRequiredDeviceCapabilities = arkit;
				INFOPLIST_KEY_UIStatusBarHidden = YES;
				INFOPLIST_KEY_UISupportedInterfaceOrientations_iPad = "UIInterfaceOrientationPortrait UIInterfaceOrientationPortraitUpsideDown UIInterfaceOrientationLandscapeLeft UIInterfaceOrientationLandscapeRight";
				INFOPLIST_KEY_UISupportedInterfaceOrientations_iPhone = "UIInterfaceOrientationPortrait UIInterfaceOrientationLandscapeLeft UIInterfaceOrientationLandscapeRight";
				LD_RUNPATH_SEARCH_PATHS = (
					"$(inherited)",
					"@executable_path/Frameworks",
				);
				MARKETING_VERSION = 1.0;
				PRODUCT_BUNDLE_IDENTIFIER = adann.ARHologramCalibration;
				PRODUCT_NAME = "$(TARGET_NAME)";
				SWIFT_EMIT_LOC_STRINGS = YES;
				SWIFT_VERSION = 5.0;
				TARGETED_DEVICE_FAMILY = "1,2";
			};
			name = Release;
		};
		AD466C552DA8297700E33728 /* Debug */ = {
			isa = XCBuildConfiguration;
			buildSettings = {
				BUNDLE_LOADER = "$(TEST_HOST)";
				CODE_SIGN_STYLE = Automatic;
				CURRENT_PROJECT_VERSION = 1;
				DEVELOPMENT_TEAM = CDA686V7YG;
				GENERATE_INFOPLIST_FILE = YES;
				IPHONEOS_DEPLOYMENT_TARGET = 18.2;
				MARKETING_VERSION = 1.0;
				PRODUCT_BUNDLE_IDENTIFIER = adann.ARHologramCalibrationTests;
				PRODUCT_NAME = "$(TARGET_NAME)";
				SWIFT_EMIT_LOC_STRINGS = NO;
				SWIFT_VERSION = 5.0;
				TARGETED_DEVICE_FAMILY = "1,2";
				TEST_HOST = "$(BUILT_PRODUCTS_DIR)/ARHologramCalibration.app/$(BUNDLE_EXECUTABLE_FOLDER_PATH)/ARHologramCalibration";
			};
			name = Debug;
		};
		AD466C562DA8297700E33728 /* Release */ = {
			isa = XCBuildConfiguration;
			buildSettings = {
				BUNDLE_LOADER = "$(TEST_HOST)";
				CODE_SIGN_STYLE = Automatic;
				CURRENT_PROJECT_VERSION = 1;
				DEVELOPMENT_TEAM = CDA686V7YG;
				GENERATE_INFOPLIST_FILE = YES;
				IPHONEOS_DEPLOYMENT_TARGET = 18.2;
				MARKETING_VERSION = 1.0;
				PRODUCT_BUNDLE_IDENTIFIER = adann.ARHologramCalibrationTests;
				PRODUCT_NAME = "$(TARGET_NAME)";
				SWIFT_EMIT_LOC_STRINGS = NO;
				SWIFT_VERSION = 5.0;
				TARGETED_DEVICE_FAMILY = "1,2";
				TEST_HOST = "$(BUILT_PRODUCTS_DIR)/ARHologramCalibration.app/$(BUNDLE_EXECUTABLE_FOLDER_PATH)/ARHologramCalibration";
			};
			name = Release;
		};
		AD466C582DA8297700E33728 /* Debug */ = {
			isa = XCBuildConfiguration;
			buildSettings = {
				CODE_SIGN_STYLE = Automatic;
				CURRENT_PROJECT_VERSION = 1;
				DEVELOPMENT_TEAM = CDA686V7YG;
				GENERATE_INFOPLIST_FILE = YES;
				MARKETING_VERSION = 1.0;
				PRODUCT_BUNDLE_IDENTIFIER = adann.ARHologramCalibrationUITests;
				PRODUCT_NAME = "$(TARGET_NAME)";
				SWIFT_EMIT_LOC_STRINGS = NO;
				SWIFT_VERSION = 5.0;
				TARGETED_DEVICE_FAMILY = "1,2";
				TEST_TARGET_NAME = ARHologramCalibration;
			};
			name = Debug;
		};
		AD466C592DA8297700E33728 /* Release */ = {
			isa = XCBuildConfiguration;
			buildSettings = {
				CODE_SIGN_STYLE = Automatic;
				CURRENT_PROJECT_VERSION = 1;
				DEVELOPMENT_TEAM = CDA686V7YG;
				GENERATE_INFOPLIST_FILE = YES;
				MARKETING_VERSION = 1.0;
				PRODUCT_BUNDLE_IDENTIFIER = adann.ARHologramCalibrationUITests;
				PRODUCT_NAME = "$(TARGET_NAME)";
				SWIFT_EMIT_LOC_STRINGS = NO;
				SWIFT_VERSION = 5.0;
				TARGETED_DEVICE_FAMILY = "1,2";
				TEST_TARGET_NAME = ARHologramCalibration;
			};
			name = Release;
		};
/* End XCBuildConfiguration section */

/* Begin XCConfigurationList section */
		AD466C262DA8297300E33728 /* Build configuration list for PBXProject "ARHologramCalibration" */ = {
			isa = XCConfigurationList;
			buildConfigurations = (
				AD466C4F2DA8297700E33728 /* Debug */,
				AD466C502DA8297700E33728 /* Release */,
			);
			defaultConfigurationIsVisible = 0;
			defaultConfigurationName = Release;
		};
		AD466C512DA8297700E33728 /* Build configuration list for PBXNativeTarget "ARHologramCalibration" */ = {
			isa = XCConfigurationList;
			buildConfigurations = (
				AD466C522DA8297700E33728 /* Debug */,
				AD466C532DA8297700E33728 /* Release */,
			);
			defaultConfigurationIsVisible = 0;
			defaultConfigurationName = Release;
		};
		AD466C542DA8297700E33728 /* Build configuration list for PBXNativeTarget "ARHologramCalibrationTests" */ = {
			isa = XCConfigurationList;
			buildConfigurations = (
				AD466C552DA8297700E33728 /* Debug */,
				AD466C562DA8297700E33728 /* Release */,
			);
			defaultConfigurationIsVisible = 0;
			defaultConfigurationName = Release;
		};
		AD466C572DA8297700E33728 /* Build configuration list for PBXNativeTarget "ARHologramCalibrationUITests" */ = {
			isa = XCConfigurationList;
			buildConfigurations = (
				AD466C582DA8297700E33728 /* Debug */,
				AD466C592DA8297700E33728 /* Release */,
			);
			defaultConfigurationIsVisible = 0;
			defaultConfigurationName = Release;
		};
/* End XCConfigurationList section */
	};
	rootObject = AD466C232DA8297300E33728 /* Project object */;
}
